
Microsoft Visual Studio Solution File, Format Version 12.00
# Visual Studio 15
VisualStudioVersion = 15.0.28307.106
MinimumVisualStudioVersion = 10.0.40219.1
Project("{2150E333-8FDC-42A3-9474-1A3956D46DE8}") = "src", "src", "{F6D36C55-B391-4FDE-A100-191461F8BBD7}"
EndProject
Project("{9A19103F-16F7-4668-BE54-9A1E7A4F7556}") = "HRM.Application", "src\HRM.Application\HRM.Application.csproj", "{E6989119-B867-4644-9831-9DD035034027}"
EndProject
Project("{2150E333-8FDC-42A3-9474-1A3956D46DE8}") = "1 - Services", "1 - Services", "{A58559A6-CEF2-495F-BBCC-F0F19EC18842}"
EndProject
Project("{2150E333-8FDC-42A3-9474-1A3956D46DE8}") = "2 - Application", "2 - Application", "{362DDE60-BB42-4164-9203-91281646F399}"
EndProject
Project("{2150E333-8FDC-42A3-9474-1A3956D46DE8}") = "3 - Domain", "3 - Domain", "{FDFF838B-F992-4D76-919B-C9E5FB895FD2}"
EndProject
Project("{2150E333-8FDC-42A3-9474-1A3956D46DE8}") = "4 - Infrastructure", "4 - Infrastructure", "{5812F3AA-144C-4E5D-9AEB-916533F702C1}"
EndProject
Project("{2150E333-8FDC-42A3-9474-1A3956D46DE8}") = "Tests", "Tests", "{B3CDD4B8-C3ED-43E0-B593-DAEFB2249F4C}"
EndProject
Project("{9A19103F-16F7-4668-BE54-9A1E7A4F7556}") = "HRM.WebApi", "src\HRM.WebApi\HRM.WebApi.csproj", "{92A5C7F0-A069-45F9-9498-A6DEF8DC8F08}"
EndProject
Project("{9A19103F-16F7-4668-BE54-9A1E7A4F7556}") = "HRM.Domain", "src\HRM.Domain\HRM.Domain.csproj", "{9A4555F0-8D3B-49D7-800B-A261A7D3F13F}"
EndProject
Project("{9A19103F-16F7-4668-BE54-9A1E7A4F7556}") = "HRM.Domain.Core", "src\HRM.Domain.Core\HRM.Domain.Core.csproj", "{99CDD9C5-1969-4B90-B769-50B9FA574344}"
EndProject
Project("{9A19103F-16F7-4668-BE54-9A1E7A4F7556}") = "HRM.Domain.UnitTests", "src\HRM.Domain.UnitTests\HRM.Domain.UnitTests.csproj", "{6D80FABB-1E7E-4AE9-AB52-8EBE1E12E6EC}"
EndProject
Project("{9A19103F-16F7-4668-BE54-9A1E7A4F7556}") = "HRM.Infra.CrossCutting.Bus", "src\HRM.Infra.CrossCutting.Bus\HRM.Infra.CrossCutting.Bus.csproj", "{A95F6299-8924-429E-851F-BFB6D3E5F1BD}"
EndProject
Project("{9A19103F-16F7-4668-BE54-9A1E7A4F7556}") = "HRM.Infra.CrossCutting.Identity", "src\HRM.Infra.CrossCutting.Identity\HRM.Infra.CrossCutting.Identity.csproj", "{7AC4312A-E43E-4AF5-8AEE-8014F6ED1365}"
EndProject
Project("{9A19103F-16F7-4668-BE54-9A1E7A4F7556}") = "HRM.Infra.CrossCutting.IoC", "src\HRM.Infra.CrossCutting.IoC\HRM.Infra.CrossCutting.IoC.csproj", "{9B31D02C-CFE0-4E71-AE46-12ECB1E09E17}"
EndProject
Project("{9A19103F-16F7-4668-BE54-9A1E7A4F7556}") = "HRM.Infra.Data", "src\HRM.Infra.Data\HRM.Infra.Data.csproj", "{C8B43AF4-2817-45D0-B918-3E455BE68352}"
EndProject
Project("{9A19103F-16F7-4668-BE54-9A1E7A4F7556}") = "HRM.Infra.IdentityUnitTests", "src\HRM.Infra.IdentityTest\HRM.Infra.IdentityUnitTests.csproj", "{58114FAD-DF42-48D3-88F1-B8575E6B1E0E}"
EndProject
Global
	GlobalSection(SolutionConfigurationPlatforms) = preSolution
		Debug|Any CPU = Debug|Any CPU
		Release|Any CPU = Release|Any CPU
	EndGlobalSection
	GlobalSection(ProjectConfigurationPlatforms) = postSolution
		{E6989119-B867-4644-9831-9DD035034027}.Debug|Any CPU.ActiveCfg = Debug|Any CPU
		{E6989119-B867-4644-9831-9DD035034027}.Debug|Any CPU.Build.0 = Debug|Any CPU
		{E6989119-B867-4644-9831-9DD035034027}.Release|Any CPU.ActiveCfg = Release|Any CPU
		{E6989119-B867-4644-9831-9DD035034027}.Release|Any CPU.Build.0 = Release|Any CPU
		{92A5C7F0-A069-45F9-9498-A6DEF8DC8F08}.Debug|Any CPU.ActiveCfg = Debug|Any CPU
		{92A5C7F0-A069-45F9-9498-A6DEF8DC8F08}.Debug|Any CPU.Build.0 = Debug|Any CPU
		{92A5C7F0-A069-45F9-9498-A6DEF8DC8F08}.Release|Any CPU.ActiveCfg = Release|Any CPU
		{92A5C7F0-A069-45F9-9498-A6DEF8DC8F08}.Release|Any CPU.Build.0 = Release|Any CPU
		{9A4555F0-8D3B-49D7-800B-A261A7D3F13F}.Debug|Any CPU.ActiveCfg = Debug|Any CPU
		{9A4555F0-8D3B-49D7-800B-A261A7D3F13F}.Debug|Any CPU.Build.0 = Debug|Any CPU
		{9A4555F0-8D3B-49D7-800B-A261A7D3F13F}.Release|Any CPU.ActiveCfg = Release|Any CPU
		{9A4555F0-8D3B-49D7-800B-A261A7D3F13F}.Release|Any CPU.Build.0 = Release|Any CPU
		{99CDD9C5-1969-4B90-B769-50B9FA574344}.Debug|Any CPU.ActiveCfg = Debug|Any CPU
		{99CDD9C5-1969-4B90-B769-50B9FA574344}.Debug|Any CPU.Build.0 = Debug|Any CPU
		{99CDD9C5-1969-4B90-B769-50B9FA574344}.Release|Any CPU.ActiveCfg = Release|Any CPU
		{99CDD9C5-1969-4B90-B769-50B9FA574344}.Release|Any CPU.Build.0 = Release|Any CPU
		{6D80FABB-1E7E-4AE9-AB52-8EBE1E12E6EC}.Debug|Any CPU.ActiveCfg = Debug|Any CPU
		{6D80FABB-1E7E-4AE9-AB52-8EBE1E12E6EC}.Debug|Any CPU.Build.0 = Debug|Any CPU
		{6D80FABB-1E7E-4AE9-AB52-8EBE1E12E6EC}.Release|Any CPU.ActiveCfg = Release|Any CPU
		{6D80FABB-1E7E-4AE9-AB52-8EBE1E12E6EC}.Release|Any CPU.Build.0 = Release|Any CPU
		{A95F6299-8924-429E-851F-BFB6D3E5F1BD}.Debug|Any CPU.ActiveCfg = Debug|Any CPU
		{A95F6299-8924-429E-851F-BFB6D3E5F1BD}.Debug|Any CPU.Build.0 = Debug|Any CPU
		{A95F6299-8924-429E-851F-BFB6D3E5F1BD}.Release|Any CPU.ActiveCfg = Release|Any CPU
		{A95F6299-8924-429E-851F-BFB6D3E5F1BD}.Release|Any CPU.Build.0 = Release|Any CPU
		{7AC4312A-E43E-4AF5-8AEE-8014F6ED1365}.Debug|Any CPU.ActiveCfg = Debug|Any CPU
		{7AC4312A-E43E-4AF5-8AEE-8014F6ED1365}.Debug|Any CPU.Build.0 = Debug|Any CPU
		{7AC4312A-E43E-4AF5-8AEE-8014F6ED1365}.Release|Any CPU.ActiveCfg = Release|Any CPU
		{7AC4312A-E43E-4AF5-8AEE-8014F6ED1365}.Release|Any CPU.Build.0 = Release|Any CPU
		{9B31D02C-CFE0-4E71-AE46-12ECB1E09E17}.Debug|Any CPU.ActiveCfg = Debug|Any CPU
		{9B31D02C-CFE0-4E71-AE46-12ECB1E09E17}.Debug|Any CPU.Build.0 = Debug|Any CPU
		{9B31D02C-CFE0-4E71-AE46-12ECB1E09E17}.Release|Any CPU.ActiveCfg = Release|Any CPU
		{9B31D02C-CFE0-4E71-AE46-12ECB1E09E17}.Release|Any CPU.Build.0 = Release|Any CPU
		{C8B43AF4-2817-45D0-B918-3E455BE68352}.Debug|Any CPU.ActiveCfg = Debug|Any CPU
		{C8B43AF4-2817-45D0-B918-3E455BE68352}.Debug|Any CPU.Build.0 = Debug|Any CPU
		{C8B43AF4-2817-45D0-B918-3E455BE68352}.Release|Any CPU.ActiveCfg = Release|Any CPU
		{C8B43AF4-2817-45D0-B918-3E455BE68352}.Release|Any CPU.Build.0 = Release|Any CPU
		{58114FAD-DF42-48D3-88F1-B8575E6B1E0E}.Debug|Any CPU.ActiveCfg = Debug|Any CPU
		{58114FAD-DF42-48D3-88F1-B8575E6B1E0E}.Debug|Any CPU.Build.0 = Debug|Any CPU
		{58114FAD-DF42-48D3-88F1-B8575E6B1E0E}.Release|Any CPU.ActiveCfg = Release|Any CPU
		{58114FAD-DF42-48D3-88F1-B8575E6B1E0E}.Release|Any CPU.Build.0 = Release|Any CPU
	EndGlobalSection
	GlobalSection(SolutionProperties) = preSolution
		HideSolutionNode = FALSE
	EndGlobalSection
	GlobalSection(NestedProjects) = preSolution
		{E6989119-B867-4644-9831-9DD035034027} = {362DDE60-BB42-4164-9203-91281646F399}
		{A58559A6-CEF2-495F-BBCC-F0F19EC18842} = {F6D36C55-B391-4FDE-A100-191461F8BBD7}
		{362DDE60-BB42-4164-9203-91281646F399} = {F6D36C55-B391-4FDE-A100-191461F8BBD7}
		{FDFF838B-F992-4D76-919B-C9E5FB895FD2} = {F6D36C55-B391-4FDE-A100-191461F8BBD7}
		{5812F3AA-144C-4E5D-9AEB-916533F702C1} = {F6D36C55-B391-4FDE-A100-191461F8BBD7}
		{B3CDD4B8-C3ED-43E0-B593-DAEFB2249F4C} = {F6D36C55-B391-4FDE-A100-191461F8BBD7}
		{92A5C7F0-A069-45F9-9498-A6DEF8DC8F08} = {A58559A6-CEF2-495F-BBCC-F0F19EC18842}
		{9A4555F0-8D3B-49D7-800B-A261A7D3F13F} = {FDFF838B-F992-4D76-919B-C9E5FB895FD2}
		{99CDD9C5-1969-4B90-B769-50B9FA574344} = {FDFF838B-F992-4D76-919B-C9E5FB895FD2}
		{6D80FABB-1E7E-4AE9-AB52-8EBE1E12E6EC} = {B3CDD4B8-C3ED-43E0-B593-DAEFB2249F4C}
		{A95F6299-8924-429E-851F-BFB6D3E5F1BD} = {5812F3AA-144C-4E5D-9AEB-916533F702C1}
		{7AC4312A-E43E-4AF5-8AEE-8014F6ED1365} = {5812F3AA-144C-4E5D-9AEB-916533F702C1}
		{9B31D02C-CFE0-4E71-AE46-12ECB1E09E17} = {5812F3AA-144C-4E5D-9AEB-916533F702C1}
		{C8B43AF4-2817-45D0-B918-3E455BE68352} = {5812F3AA-144C-4E5D-9AEB-916533F702C1}
		{58114FAD-DF42-48D3-88F1-B8575E6B1E0E} = {B3CDD4B8-C3ED-43E0-B593-DAEFB2249F4C}
	EndGlobalSection
	GlobalSection(ExtensibilityGlobals) = postSolution
		SolutionGuid = {C97E54E4-0497-45A2-A02D-8B1A8B49D13B}
	EndGlobalSection
EndGlobal
